// !$*UTF8*$!
{
	archiveVersion = 1;
	classes = {
	};
	objectVersion = 48;
	objects = {

/* Begin PBXBuildFile section */
		FE45DF522071F7CA000B13DA /* AppDelegate.swift in Sources */ = {isa = PBXBuildFile; fileRef = FE45DF512071F7CA000B13DA /* AppDelegate.swift */; };
		FE45DF542071F7CA000B13DA /* ViewController.swift in Sources */ = {isa = PBXBuildFile; fileRef = FE45DF532071F7CA000B13DA /* ViewController.swift */; };
		FE45DF572071F7CA000B13DA /* Main.storyboard in Resources */ = {isa = PBXBuildFile; fileRef = FE45DF552071F7CA000B13DA /* Main.storyboard */; };
		FE45DF592071F7CA000B13DA /* Assets.xcassets in Resources */ = {isa = PBXBuildFile; fileRef = FE45DF582071F7CA000B13DA /* Assets.xcassets */; };
		FE45DF5C2071F7CA000B13DA /* LaunchScreen.storyboard in Resources */ = {isa = PBXBuildFile; fileRef = FE45DF5A2071F7CA000B13DA /* LaunchScreen.storyboard */; };
		FE45DF672071F7CA000B13DA /* Alien_ImageViewTests.swift in Sources */ = {isa = PBXBuildFile; fileRef = FE45DF662071F7CA000B13DA /* Alien_ImageViewTests.swift */; };
		FE45DF722071F7CA000B13DA /* Alien_ImageViewUITests.swift in Sources */ = {isa = PBXBuildFile; fileRef = FE45DF712071F7CA000B13DA /* Alien_ImageViewUITests.swift */; };
/* End PBXBuildFile section */

/* Begin PBXContainerItemProxy section */
		FE45DF632071F7CA000B13DA /* PBXContainerItemProxy */ = {
			isa = PBXContainerItemProxy;
			containerPortal = FE45DF462071F7CA000B13DA /* Project object */;
			proxyType = 1;
			remoteGlobalIDString = FE45DF4D2071F7CA000B13DA;
			remoteInfo = "Alien ImageView";
		};
		FE45DF6E2071F7CA000B13DA /* PBXContainerItemProxy */ = {
			isa = PBXContainerItemProxy;
			containerPortal = FE45DF462071F7CA000B13DA /* Project object */;
			proxyType = 1;
			remoteGlobalIDString = FE45DF4D2071F7CA000B13DA;
			remoteInfo = "Alien ImageView";
		};
/* End PBXContainerItemProxy section */

/* Begin PBXFileReference section */
		FE45DF4E2071F7CA000B13DA /* Alien ImageView.app */ = {isa = PBXFileReference; explicitFileType = wrapper.application; includeInIndex = 0; path = "Alien ImageView.app"; sourceTree = BUILT_PRODUCTS_DIR; };
		FE45DF512071F7CA000B13DA /* AppDelegate.swift */ = {isa = PBXFileReference; lastKnownFileType = sourcecode.swift; path = AppDelegate.swift; sourceTree = "<group>"; };
		FE45DF532071F7CA000B13DA /* ViewController.swift */ = {isa = PBXFileReference; lastKnownFileType = sourcecode.swift; path = ViewController.swift; sourceTree = "<group>"; };
		FE45DF562071F7CA000B13DA /* Base */ = {isa = PBXFileReference; lastKnownFileType = file.storyboard; name = Base; path = Base.lproj/Main.storyboard; sourceTree = "<group>"; };
		FE45DF582071F7CA000B13DA /* Assets.xcassets */ = {isa = PBXFileReference; lastKnownFileType = folder.assetcatalog; path = Assets.xcassets; sourceTree = "<group>"; };
		FE45DF5B2071F7CA000B13DA /* Base */ = {isa = PBXFileReference; lastKnownFileType = file.storyboard; name = Base; path = Base.lproj/LaunchScreen.storyboard; sourceTree = "<group>"; };
		FE45DF5D2071F7CA000B13DA /* Info.plist */ = {isa = PBXFileReference; lastKnownFileType = text.plist.xml; path = Info.plist; sourceTree = "<group>"; };
		FE45DF622071F7CA000B13DA /* Alien ImageViewTests.xctest */ = {isa = PBXFileReference; explicitFileType = wrapper.cfbundle; includeInIndex = 0; path = "Alien ImageViewTests.xctest"; sourceTree = BUILT_PRODUCTS_DIR; };
		FE45DF662071F7CA000B13DA /* Alien_ImageViewTests.swift */ = {isa = PBXFileReference; lastKnownFileType = sourcecode.swift; path = Alien_ImageViewTests.swift; sourceTree = "<group>"; };
		FE45DF682071F7CA000B13DA /* Info.plist */ = {isa = PBXFileReference; lastKnownFileType = text.plist.xml; path = Info.plist; sourceTree = "<group>"; };
		FE45DF6D2071F7CA000B13DA /* Alien ImageViewUITests.xctest */ = {isa = PBXFileReference; explicitFileType = wrapper.cfbundle; includeInIndex = 0; path = "Alien ImageViewUITests.xctest"; sourceTree = BUILT_PRODUCTS_DIR; };
		FE45DF712071F7CA000B13DA /* Alien_ImageViewUITests.swift */ = {isa = PBXFileReference; lastKnownFileType = sourcecode.swift; path = Alien_ImageViewUITests.swift; sourceTree = "<group>"; };
		FE45DF732071F7CA000B13DA /* Info.plist */ = {isa = PBXFileReference; lastKnownFileType = text.plist.xml; path = Info.plist; sourceTree = "<group>"; };
/* End PBXFileReference section */

/* Begin PBXFrameworksBuildPhase section */
		FE45DF4B2071F7CA000B13DA /* Frameworks */ = {
			isa = PBXFrameworksBuildPhase;
			buildActionMask = 2147483647;
			files = (
			);
			runOnlyForDeploymentPostprocessing = 0;
		};
		FE45DF5F2071F7CA000B13DA /* Frameworks */ = {
			isa = PBXFrameworksBuildPhase;
			buildActionMask = 2147483647;
			files = (
			);
			runOnlyForDeploymentPostprocessing = 0;
		};
		FE45DF6A2071F7CA000B13DA /* Frameworks */ = {
			isa = PBXFrameworksBuildPhase;
			buildActionMask = 2147483647;
			files = (
			);
			runOnlyForDeploymentPostprocessing = 0;
		};
/* End PBXFrameworksBuildPhase section */

/* Begin PBXGroup section */
		FE45DF452071F7CA000B13DA = {
			isa = PBXGroup;
			children = (
				FE45DF502071F7CA000B13DA /* Alien ImageView */,
				FE45DF652071F7CA000B13DA /* Alien ImageViewTests */,
				FE45DF702071F7CA000B13DA /* Alien ImageViewUITests */,
				FE45DF4F2071F7CA000B13DA /* Products */,
			);
			sourceTree = "<group>";
		};
		FE45DF4F2071F7CA000B13DA /* Products */ = {
			isa = PBXGroup;
			children = (
				FE45DF4E2071F7CA000B13DA /* Alien ImageView.app */,
				FE45DF622071F7CA000B13DA /* Alien ImageViewTests.xctest */,
				FE45DF6D2071F7CA000B13DA /* Alien ImageViewUITests.xctest */,
			);
			name = Products;
			sourceTree = "<group>";
		};
		FE45DF502071F7CA000B13DA /* Alien ImageView */ = {
			isa = PBXGroup;
			children = (
				FE45DF512071F7CA000B13DA /* AppDelegate.swift */,
				FE45DF532071F7CA000B13DA /* ViewController.swift */,
				FE45DF552071F7CA000B13DA /* Main.storyboard */,
				FE45DF582071F7CA000B13DA /* Assets.xcassets */,
				FE45DF5A2071F7CA000B13DA /* LaunchScreen.storyboard */,
				FE45DF5D2071F7CA000B13DA /* Info.plist */,
			);
			path = "Alien ImageView";
			sourceTree = "<group>";
		};
		FE45DF652071F7CA000B13DA /* Alien ImageViewTests */ = {
			isa = PBXGroup;
			children = (
				FE45DF662071F7CA000B13DA /* Alien_ImageViewTests.swift */,
				FE45DF682071F7CA000B13DA /* Info.plist */,
			);
			path = "Alien ImageViewTests";
			sourceTree = "<group>";
		};
		FE45DF702071F7CA000B13DA /* Alien ImageViewUITests */ = {
			isa = PBXGroup;
			children = (
				FE45DF712071F7CA000B13DA /* Alien_ImageViewUITests.swift */,
				FE45DF732071F7CA000B13DA /* Info.plist */,
			);
			path = "Alien ImageViewUITests";
			sourceTree = "<group>";
		};
/* End PBXGroup section */

/* Begin PBXNativeTarget section */
		FE45DF4D2071F7CA000B13DA /* Alien ImageView */ = {
			isa = PBXNativeTarget;
			buildConfigurationList = FE45DF762071F7CB000B13DA /* Build configuration list for PBXNativeTarget "Alien ImageView" */;
			buildPhases = (
				FE45DF4A2071F7CA000B13DA /* Sources */,
				FE45DF4B2071F7CA000B13DA /* Frameworks */,
				FE45DF4C2071F7CA000B13DA /* Resources */,
			);
			buildRules = (
			);
			dependencies = (
			);
			name = "Alien ImageView";
			productName = "Alien ImageView";
			productReference = FE45DF4E2071F7CA000B13DA /* Alien ImageView.app */;
			productType = "com.apple.product-type.application";
		};
		FE45DF612071F7CA000B13DA /* Alien ImageViewTests */ = {
			isa = PBXNativeTarget;
			buildConfigurationList = FE45DF792071F7CB000B13DA /* Build configuration list for PBXNativeTarget "Alien ImageViewTests" */;
			buildPhases = (
				FE45DF5E2071F7CA000B13DA /* Sources */,
				FE45DF5F2071F7CA000B13DA /* Frameworks */,
				FE45DF602071F7CA000B13DA /* Resources */,
			);
			buildRules = (
			);
			dependencies = (
				FE45DF642071F7CA000B13DA /* PBXTargetDependency */,
			);
			name = "Alien ImageViewTests";
			productName = "Alien ImageViewTests";
			productReference = FE45DF622071F7CA000B13DA /* Alien ImageViewTests.xctest */;
			productType = "com.apple.product-type.bundle.unit-test";
		};
		FE45DF6C2071F7CA000B13DA /* Alien ImageViewUITests */ = {
			isa = PBXNativeTarget;
			buildConfigurationList = FE45DF7C2071F7CB000B13DA /* Build configuration list for PBXNativeTarget "Alien ImageViewUITests" */;
			buildPhases = (
				FE45DF692071F7CA000B13DA /* Sources */,
				FE45DF6A2071F7CA000B13DA /* Frameworks */,
				FE45DF6B2071F7CA000B13DA /* Resources */,
			);
			buildRules = (
			);
			dependencies = (
				FE45DF6F2071F7CA000B13DA /* PBXTargetDependency */,
			);
			name = "Alien ImageViewUITests";
			productName = "Alien ImageViewUITests";
			productReference = FE45DF6D2071F7CA000B13DA /* Alien ImageViewUITests.xctest */;
			productType = "com.apple.product-type.bundle.ui-testing";
		};
/* End PBXNativeTarget section */

/* Begin PBXProject section */
		FE45DF462071F7CA000B13DA /* Project object */ = {
			isa = PBXProject;
			attributes = {
				LastSwiftUpdateCheck = 0920;
				LastUpgradeCheck = 0920;
				ORGANIZATIONNAME = "Sang won Seo";
				TargetAttributes = {
					FE45DF4D2071F7CA000B13DA = {
						CreatedOnToolsVersion = 9.2;
						ProvisioningStyle = Automatic;
					};
					FE45DF612071F7CA000B13DA = {
						CreatedOnToolsVersion = 9.2;
						ProvisioningStyle = Automatic;
						TestTargetID = FE45DF4D2071F7CA000B13DA;
					};
					FE45DF6C2071F7CA000B13DA = {
						CreatedOnToolsVersion = 9.2;
						ProvisioningStyle = Automatic;
						TestTargetID = FE45DF4D2071F7CA000B13DA;
					};
				};
			};
			buildConfigurationList = FE45DF492071F7CA000B13DA /* Build configuration list for PBXProject "Alien ImageView" */;
			compatibilityVersion = "Xcode 8.0";
			developmentRegion = en;
			hasScannedForEncodings = 0;
			knownRegions = (
				en,
				Base,
			);
			mainGroup = FE45DF452071F7CA000B13DA;
			productRefGroup = FE45DF4F2071F7CA000B13DA /* Products */;
			projectDirPath = "";
			projectRoot = "";
			targets = (
				FE45DF4D2071F7CA000B13DA /* Alien ImageView */,
				FE45DF612071F7CA000B13DA /* Alien ImageViewTests */,
				FE45DF6C2071F7CA000B13DA /* Alien ImageViewUITests */,
			);
		};
/* End PBXProject section */

/* Begin PBXResourcesBuildPhase section */
		FE45DF4C2071F7CA000B13DA /* Resources */ = {
			isa = PBXResourcesBuildPhase;
			buildActionMask = 2147483647;
			files = (
				FE45DF5C2071F7CA000B13DA /* LaunchScreen.storyboard in Resources */,
				FE45DF592071F7CA000B13DA /* Assets.xcassets in Resources */,
				FE45DF572071F7CA000B13DA /* Main.storyboard in Resources */,
			);
			runOnlyForDeploymentPostprocessing = 0;
		};
		FE45DF602071F7CA000B13DA /* Resources */ = {
			isa = PBXResourcesBuildPhase;
			buildActionMask = 2147483647;
			files = (
			);
			runOnlyForDeploymentPostprocessing = 0;
		};
		FE45DF6B2071F7CA000B13DA /* Resources */ = {
			isa = PBXResourcesBuildPhase;
			buildActionMask = 2147483647;
			files = (
			);
			runOnlyForDeploymentPostprocessing = 0;
		};
/* End PBXResourcesBuildPhase section */

/* Begin PBXSourcesBuildPhase section */
		FE45DF4A2071F7CA000B13DA /* Sources */ = {
			isa = PBXSourcesBuildPhase;
			buildActionMask = 2147483647;
			files = (
				FE45DF542071F7CA000B13DA /* ViewController.swift in Sources */,
				FE45DF522071F7CA000B13DA /* AppDelegate.swift in Sources */,
			);
			runOnlyForDeploymentPostprocessing = 0;
		};
		FE45DF5E2071F7CA000B13DA /* Sources */ = {
			isa = PBXSourcesBuildPhase;
			buildActionMask = 2147483647;
			files = (
				FE45DF672071F7CA000B13DA /* Alien_ImageViewTests.swift in Sources */,
			);
			runOnlyForDeploymentPostprocessing = 0;
		};
		FE45DF692071F7CA000B13DA /* Sources */ = {
			isa = PBXSourcesBuildPhase;
			buildActionMask = 2147483647;
			files = (
				FE45DF722071F7CA000B13DA /* Alien_ImageViewUITests.swift in Sources */,
			);
			runOnlyForDeploymentPostprocessing = 0;
		};
/* End PBXSourcesBuildPhase section */

/* Begin PBXTargetDependency section */
		FE45DF642071F7CA000B13DA /* PBXTargetDependency */ = {
			isa = PBXTargetDependency;
			target = FE45DF4D2071F7CA000B13DA /* Alien ImageView */;
			targetProxy = FE45DF632071F7CA000B13DA /* PBXContainerItemProxy */;
		};
		FE45DF6F2071F7CA000B13DA /* PBXTargetDependency */ = {
			isa = PBXTargetDependency;
			target = FE45DF4D2071F7CA000B13DA /* Alien ImageView */;
			targetProxy = FE45DF6E2071F7CA000B13DA /* PBXContainerItemProxy */;
		};
/* End PBXTargetDependency section */

/* Begin PBXVariantGroup section */
		FE45DF552071F7CA000B13DA /* Main.storyboard */ = {
			isa = PBXVariantGroup;
			children = (
				FE45DF562071F7CA000B13DA /* Base */,
			);
			name = Main.storyboard;
			sourceTree = "<group>";
		};
		FE45DF5A2071F7CA000B13DA /* LaunchScreen.storyboard */ = {
			isa = PBXVariantGroup;
			children = (
				FE45DF5B2071F7CA000B13DA /* Base */,
			);
			name = LaunchScreen.storyboard;
			sourceTree = "<group>";
		};
/* End PBXVariantGroup section */

/* Begin XCBuildConfiguration section */
		FE45DF742071F7CB000B13DA /* Debug */ = {
			isa = XCBuildConfiguration;
			buildSettings = {
				ALWAYS_SEARCH_USER_PATHS = NO;
				CLANG_ANALYZER_NONNULL = YES;
				CLANG_ANALYZER_NUMBER_OBJECT_CONVERSION = YES_AGGRESSIVE;
				CLANG_CXX_LANGUAGE_STANDARD = "gnu++14";
				CLANG_CXX_LIBRARY = "libc++";
				CLANG_ENABLE_MODULES = YES;
				CLANG_ENABLE_OBJC_ARC = YES;
				CLANG_WARN_BLOCK_CAPTURE_AUTORELEASING = YES;
				CLANG_WARN_BOOL_CONVERSION = YES;
				CLANG_WARN_COMMA = YES;
				CLANG_WARN_CONSTANT_CONVERSION = YES;
				CLANG_WARN_DIRECT_OBJC_ISA_USAGE = YES_ERROR;
				CLANG_WARN_DOCUMENTATION_COMMENTS = YES;
				CLANG_WARN_EMPTY_BODY = YES;
				CLANG_WARN_ENUM_CONVERSION = YES;
				CLANG_WARN_INFINITE_RECURSION = YES;
				CLANG_WARN_INT_CONVERSION = YES;
				CLANG_WARN_NON_LITERAL_NULL_CONVERSION = YES;
				CLANG_WARN_OBJC_LITERAL_CONVERSION = YES;
				CLANG_WARN_OBJC_ROOT_CLASS = YES_ERROR;
				CLANG_WARN_RANGE_LOOP_ANALYSIS = YES;
				CLANG_WARN_STRICT_PROTOTYPES = YES;
				CLANG_WARN_SUSPICIOUS_MOVE = YES;
				CLANG_WARN_UNGUARDED_AVAILABILITY = YES_AGGRESSIVE;
				CLANG_WARN_UNREACHABLE_CODE = YES;
				CLANG_WARN__DUPLICATE_METHOD_MATCH = YES;
				CODE_SIGN_IDENTITY = "iPhone Developer";
				COPY_PHASE_STRIP = NO;
				DEBUG_INFORMATION_FORMAT = dwarf;
				ENABLE_STRICT_OBJC_MSGSEND = YES;
				ENABLE_TESTABILITY = YES;
				GCC_C_LANGUAGE_STANDARD = gnu11;
				GCC_DYNAMIC_NO_PIC = NO;
				GCC_NO_COMMON_BLOCKS = YES;
				GCC_OPTIMIZATION_LEVEL = 0;
				GCC_PREPROCESSOR_DEFINITIONS = (
					"DEBUG=1",
					"$(inherited)",
				);
				GCC_WARN_64_TO_32_BIT_CONVERSION = YES;
				GCC_WARN_ABOUT_RETURN_TYPE = YES_ERROR;
				GCC_WARN_UNDECLARED_SELECTOR = YES;
				GCC_WARN_UNINITIALIZED_AUTOS = YES_AGGRESSIVE;
				GCC_WARN_UNUSED_FUNCTION = YES;
				GCC_WARN_UNUSED_VARIABLE = YES;
				IPHONEOS_DEPLOYMENT_TARGET = 11.2;
				MTL_ENABLE_DEBUG_INFO = YES;
				ONLY_ACTIVE_ARCH = YES;
				SDKROOT = iphoneos;
				SWIFT_ACTIVE_COMPILATION_CONDITIONS = DEBUG;
				SWIFT_OPTIMIZATION_LEVEL = "-Onone";
			};
			name = Debug;
		};
		FE45DF752071F7CB000B13DA /* Release */ = {
			isa = XCBuildConfiguration;
			buildSettings = {
				ALWAYS_SEARCH_USER_PATHS = NO;
				CLANG_ANALYZER_NONNULL = YES;
				CLANG_ANALYZER_NUMBER_OBJECT_CONVERSION = YES_AGGRESSIVE;
				CLANG_CXX_LANGUAGE_STANDARD = "gnu++14";
				CLANG_CXX_LIBRARY = "libc++";
				CLANG_ENABLE_MODULES = YES;
				CLANG_ENABLE_OBJC_ARC = YES;
				CLANG_WARN_BLOCK_CAPTURE_AUTORELEASING = YES;
				CLANG_WARN_BOOL_CONVERSION = YES;
				CLANG_WARN_COMMA = YES;
				CLANG_WARN_CONSTANT_CONVERSION = YES;
				CLANG_WARN_DIRECT_OBJC_ISA_USAGE = YES_ERROR;
				CLANG_WARN_DOCUMENTATION_COMMENTS = YES;
				CLANG_WARN_EMPTY_BODY = YES;
				CLANG_WARN_ENUM_CONVERSION = YES;
				CLANG_WARN_INFINITE_RECURSION = YES;
				CLANG_WARN_INT_CONVERSION = YES;
				CLANG_WARN_NON_LITERAL_NULL_CONVERSION = YES;
				CLANG_WARN_OBJC_LITERAL_CONVERSION = YES;
				CLANG_WARN_OBJC_ROOT_CLASS = YES_ERROR;
				CLANG_WARN_RANGE_LOOP_ANALYSIS = YES;
				CLANG_WARN_STRICT_PROTOTYPES = YES;
				CLANG_WARN_SUSPICIOUS_MOVE = YES;
				CLANG_WARN_UNGUARDED_AVAILABILITY = YES_AGGRESSIVE;
				CLANG_WARN_UNREACHABLE_CODE = YES;
				CLANG_WARN__DUPLICATE_METHOD_MATCH = YES;
				CODE_SIGN_IDENTITY = "iPhone Developer";
				COPY_PHASE_STRIP = NO;
				DEBUG_INFORMATION_FORMAT = "dwarf-with-dsym";
				ENABLE_NS_ASSERTIONS = NO;
				ENABLE_STRICT_OBJC_MSGSEND = YES;
				GCC_C_LANGUAGE_STANDARD = gnu11;
				GCC_NO_COMMON_BLOCKS = YES;
				GCC_WARN_64_TO_32_BIT_CONVERSION = YES;
				GCC_WARN_ABOUT_RETURN_TYPE = YES_ERROR;
				GCC_WARN_UNDECLARED_SELECTOR = YES;
				GCC_WARN_UNINITIALIZED_AUTOS = YES_AGGRESSIVE;
				GCC_WARN_UNUSED_FUNCTION = YES;
				GCC_WARN_UNUSED_VARIABLE = YES;
				IPHONEOS_DEPLOYMENT_TARGET = 11.2;
				MTL_ENABLE_DEBUG_INFO = NO;
				SDKROOT = iphoneos;
				SWIFT_OPTIMIZATION_LEVEL = "-Owholemodule";
				VALIDATE_PRODUCT = YES;
			};
			name = Release;
		};
		FE45DF772071F7CB000B13DA /* Debug */ = {
			isa = XCBuildConfiguration;
			buildSettings = {
				ASSETCATALOG_COMPILER_APPICON_NAME = AppIcon;
				CODE_SIGN_STYLE = Automatic;
				DEVELOPMENT_TEAM = BU392JZ299;
				INFOPLIST_FILE = "Alien ImageView/Info.plist";
				LD_RUNPATH_SEARCH_PATHS = "$(inherited) @executable_path/Frameworks";
				PRODUCT_BUNDLE_IDENTIFIER = "zhao.Alien-ImageView";
				PRODUCT_NAME = "$(TARGET_NAME)";
				SWIFT_VERSION = 4.0;
				TARGETED_DEVICE_FAMILY = "1,2";
			};
			name = Debug;
		};
		FE45DF782071F7CB000B13DA /* Release */ = {
			isa = XCBuildConfiguration;
			buildSettings = {
				ASSETCATALOG_COMPILER_APPICON_NAME = AppIcon;
				CODE_SIGN_STYLE = Automatic;
				DEVELOPMENT_TEAM = BU392JZ299;
				INFOPLIST_FILE = "Alien ImageView/Info.plist";
				LD_RUNPATH_SEARCH_PATHS = "$(inherited) @executable_path/Frameworks";
				PRODUCT_BUNDLE_IDENTIFIER = "zhao.Alien-ImageView";
				PRODUCT_NAME = "$(TARGET_NAME)";
				SWIFT_VERSION = 4.0;
				TARGETED_DEVICE_FAMILY = "1,2";
			};
			name = Release;
		};
		FE45DF7A2071F7CB000B13DA /* Debug */ = {
			isa = XCBuildConfiguration;
			buildSettings = {
				ALWAYS_EMBED_SWIFT_STANDARD_LIBRARIES = YES;
				BUNDLE_LOADER = "$(TEST_HOST)";
				CODE_SIGN_STYLE = Automatic;
				DEVELOPMENT_TEAM = BU392JZ299;
				INFOPLIST_FILE = "Alien ImageViewTests/Info.plist";
				LD_RUNPATH_SEARCH_PATHS = "$(inherited) @executable_path/Frameworks @loader_path/Frameworks";
				PRODUCT_BUNDLE_IDENTIFIER = "zhao.Alien-ImageViewTests";
				PRODUCT_NAME = "$(TARGET_NAME)";
				SWIFT_VERSION = 4.0;
				TARGETED_DEVICE_FAMILY = "1,2";
				TEST_HOST = "$(BUILT_PRODUCTS_DIR)/Alien ImageView.app/Alien ImageView";
			};
			name = Debug;
		};
		FE45DF7B2071F7CB000B13DA /* Release */ = {
			isa = XCBuildConfiguration;
			buildSettings = {
				ALWAYS_EMBED_SWIFT_STANDARD_LIBRARIES = YES;
				BUNDLE_LOADER = "$(TEST_HOST)";
				CODE_SIGN_STYLE = Automatic;
				DEVELOPMENT_TEAM = BU392JZ299;
				INFOPLIST_FILE = "Alien ImageViewTests/Info.plist";
				LD_RUNPATH_SEARCH_PATHS = "$(inherited) @executable_path/Frameworks @loader_path/Frameworks";
				PRODUCT_BUNDLE_IDENTIFIER = "zhao.Alien-ImageViewTests";
				PRODUCT_NAME = "$(TARGET_NAME)";
				SWIFT_VERSION = 4.0;
				TARGETED_DEVICE_FAMILY = "1,2";
				TEST_HOST = "$(BUILT_PRODUCTS_DIR)/Alien ImageView.app/Alien ImageView";
			};
			name = Release;
		};
		FE45DF7D2071F7CB000B13DA /* Debug */ = {
			isa = XCBuildConfiguration;
			buildSettings = {
				ALWAYS_EMBED_SWIFT_STANDARD_LIBRARIES = YES;
				CODE_SIGN_STYLE = Automatic;
				DEVELOPMENT_TEAM = BU392JZ299;
				INFOPLIST_FILE = "Alien ImageViewUITests/Info.plist";
				LD_RUNPATH_SEARCH_PATHS = "$(inherited) @executable_path/Frameworks @loader_path/Frameworks";
				PRODUCT_BUNDLE_IDENTIFIER = "zhao.Alien-ImageViewUITests";
				PRODUCT_NAME = "$(TARGET_NAME)";
				SWIFT_VERSION = 4.0;
				TARGETED_DEVICE_FAMILY = "1,2";
				TEST_TARGET_NAME = "Alien ImageView";
			};
			name = Debug;
		};
		FE45DF7E2071F7CB000B13DA /* Release */ = {
			isa = XCBuildConfiguration;
			buildSettings = {
				ALWAYS_EMBED_SWIFT_STANDARD_LIBRARIES = YES;
				CODE_SIGN_STYLE = Automatic;
				DEVELOPMENT_TEAM = BU392JZ299;
				INFOPLIST_FILE = "Alien ImageViewUITests/Info.plist";
				LD_RUNPATH_SEARCH_PATHS = "$(inherited) @executable_path/Frameworks @loader_path/Frameworks";
				PRODUCT_BUNDLE_IDENTIFIER = "zhao.Alien-ImageViewUITests";
				PRODUCT_NAME = "$(TARGET_NAME)";
				SWIFT_VERSION = 4.0;
				TARGETED_DEVICE_FAMILY = "1,2";
				TEST_TARGET_NAME = "Alien ImageView";
			};
			name = Release;
		};
/* End XCBuildConfiguration section */

/* Begin XCConfigurationList section */
		FE45DF492071F7CA000B13DA /* Build configuration list for PBXProject "Alien ImageView" */ = {
			isa = XCConfigurationList;
			buildConfigurations = (
				FE45DF742071F7CB000B13DA /* Debug */,
				FE45DF752071F7CB000B13DA /* Release */,
			);
			defaultConfigurationIsVisible = 0;
			defaultConfigurationName = Release;
		};
		FE45DF762071F7CB000B13DA /* Build configuration list for PBXNativeTarget "Alien ImageView" */ = {
			isa = XCConfigurationList;
			buildConfigurations = (
				FE45DF772071F7CB000B13DA /* Debug */,
				FE45DF782071F7CB000B13DA /* Release */,
			);
			defaultConfigurationIsVisible = 0;
			defaultConfigurationName = Release;
		};
		FE45DF792071F7CB000B13DA /* Build configuration list for PBXNativeTarget "Alien ImageViewTests" */ = {
			isa = XCConfigurationList;
			buildConfigurations = (
				FE45DF7A2071F7CB000B13DA /* Debug */,
				FE45DF7B2071F7CB000B13DA /* Release */,
			);
			defaultConfigurationIsVisible = 0;
			defaultConfigurationName = Release;
		};
		FE45DF7C2071F7CB000B13DA /* Build configuration list for PBXNativeTarget "Alien ImageViewUITests" */ = {
			isa = XCConfigurationList;
			buildConfigurations = (
				FE45DF7D2071F7CB000B13DA /* Debug */,
				FE45DF7E2071F7CB000B13DA /* Release */,
			);
			defaultConfigurationIsVisible = 0;
			defaultConfigurationName = Release;
		};
/* End XCConfigurationList section */
	};
	rootObject = FE45DF462071F7CA000B13DA /* Project object */;
}
